
Microsoft Visual Studio Solution File, Format Version 12.00
# Visual Studio Version 17
VisualStudioVersion = 17.5.33209.295
MinimumVisualStudioVersion = 10.0.40219.1
Project("{FAE04EC0-301F-11D3-BF4B-00C04F79EFBC}") = "SqliteGenericRepository", "SqliteGenericRepository\SqliteGenericRepository.csproj", "{F6E0A2C1-900D-4F78-AB46-88FC25B06BFD}"
EndProject
Global
	GlobalSection(SolutionConfigurationPlatforms) = preSolution
		Debug|Any CPU = Debug|Any CPU
		Release|Any CPU = Release|Any CPU
	EndGlobalSection
	GlobalSection(ProjectConfigurationPlatforms) = postSolution
		{F6E0A2C1-900D-4F78-AB46-88FC25B06BFD}.Debug|Any CPU.ActiveCfg = Debug|Any CPU
		{F6E0A2C1-900D-4F78-AB46-88FC25B06BFD}.Debug|Any CPU.Build.0 = Debug|Any CPU
		{F6E0A2C1-900D-4F78-AB46-88FC25B06BFD}.Release|Any CPU.ActiveCfg = Release|Any CPU
		{F6E0A2C1-900D-4F78-AB46-88FC25B06BFD}.Release|Any CPU.Build.0 = Release|Any CPU
	EndGlobalSection
	GlobalSection(SolutionProperties) = preSolution
		HideSolutionNode = FALSE
	EndGlobalSection
	GlobalSection(ExtensibilityGlobals) = postSolution
		SolutionGuid = {59AC19DF-2C87-4C54-AB7E-4AE0C54253EA}
	EndGlobalSection
EndGlobal
